
Microsoft Visual Studio Solution File, Format Version 12.00
# Visual Studio 15
VisualStudioVersion = 15.0.26124.0
MinimumVisualStudioVersion = 15.0.26124.0
Project("{FAE04EC0-301F-11D3-BF4B-00C04F79EFBC}") = "assembler", "assembler\assembler.csproj", "{9B784B73-79AE-4005-A300-D2F607E59648}"
EndProject
Project("{FAE04EC0-301F-11D3-BF4B-00C04F79EFBC}") = "test", "test\test.csproj", "{FFF2546C-B948-47D7-B8B4-F2CEA52FDF71}"
EndProject
Project("{FAE04EC0-301F-11D3-BF4B-00C04F79EFBC}") = "simulator", "simulator\simulator.csproj", "{9664B9E6-0BAC-4911-B692-65321944E075}"
EndProject
Global
	GlobalSection(SolutionConfigurationPlatforms) = preSolution
		Debug|Any CPU = Debug|Any CPU
		Debug|x64 = Debug|x64
		Debug|x86 = Debug|x86
		Release|Any CPU = Release|Any CPU
		Release|x64 = Release|x64
		Release|x86 = Release|x86
	EndGlobalSection
	GlobalSection(SolutionProperties) = preSolution
		HideSolutionNode = FALSE
	EndGlobalSection
	GlobalSection(ProjectConfigurationPlatforms) = postSolution
		{9B784B73-79AE-4005-A300-D2F607E59648}.Debug|Any CPU.ActiveCfg = Debug|Any CPU
		{9B784B73-79AE-4005-A300-D2F607E59648}.Debug|Any CPU.Build.0 = Debug|Any CPU
		{9B784B73-79AE-4005-A300-D2F607E59648}.Debug|x64.ActiveCfg = Debug|Any CPU
		{9B784B73-79AE-4005-A300-D2F607E59648}.Debug|x64.Build.0 = Debug|Any CPU
		{9B784B73-79AE-4005-A300-D2F607E59648}.Debug|x86.ActiveCfg = Debug|Any CPU
		{9B784B73-79AE-4005-A300-D2F607E59648}.Debug|x86.Build.0 = Debug|Any CPU
		{9B784B73-79AE-4005-A300-D2F607E59648}.Release|Any CPU.ActiveCfg = Release|Any CPU
		{9B784B73-79AE-4005-A300-D2F607E59648}.Release|Any CPU.Build.0 = Release|Any CPU
		{9B784B73-79AE-4005-A300-D2F607E59648}.Release|x64.ActiveCfg = Release|Any CPU
		{9B784B73-79AE-4005-A300-D2F607E59648}.Release|x64.Build.0 = Release|Any CPU
		{9B784B73-79AE-4005-A300-D2F607E59648}.Release|x86.ActiveCfg = Release|Any CPU
		{9B784B73-79AE-4005-A300-D2F607E59648}.Release|x86.Build.0 = Release|Any CPU
		{FFF2546C-B948-47D7-B8B4-F2CEA52FDF71}.Debug|Any CPU.ActiveCfg = Debug|Any CPU
		{FFF2546C-B948-47D7-B8B4-F2CEA52FDF71}.Debug|Any CPU.Build.0 = Debug|Any CPU
		{FFF2546C-B948-47D7-B8B4-F2CEA52FDF71}.Debug|x64.ActiveCfg = Debug|Any CPU
		{FFF2546C-B948-47D7-B8B4-F2CEA52FDF71}.Debug|x64.Build.0 = Debug|Any CPU
		{FFF2546C-B948-47D7-B8B4-F2CEA52FDF71}.Debug|x86.ActiveCfg = Debug|Any CPU
		{FFF2546C-B948-47D7-B8B4-F2CEA52FDF71}.Debug|x86.Build.0 = Debug|Any CPU
		{FFF2546C-B948-47D7-B8B4-F2CEA52FDF71}.Release|Any CPU.ActiveCfg = Release|Any CPU
		{FFF2546C-B948-47D7-B8B4-F2CEA52FDF71}.Release|Any CPU.Build.0 = Release|Any CPU
		{FFF2546C-B948-47D7-B8B4-F2CEA52FDF71}.Release|x64.ActiveCfg = Release|Any CPU
		{FFF2546C-B948-47D7-B8B4-F2CEA52FDF71}.Release|x64.Build.0 = Release|Any CPU
		{FFF2546C-B948-47D7-B8B4-F2CEA52FDF71}.Release|x86.ActiveCfg = Release|Any CPU
		{FFF2546C-B948-47D7-B8B4-F2CEA52FDF71}.Release|x86.Build.0 = Release|Any CPU
		{9664B9E6-0BAC-4911-B692-65321944E075}.Debug|Any CPU.ActiveCfg = Debug|Any CPU
		{9664B9E6-0BAC-4911-B692-65321944E075}.Debug|Any CPU.Build.0 = Debug|Any CPU
		{9664B9E6-0BAC-4911-B692-65321944E075}.Debug|x64.ActiveCfg = Debug|Any CPU
		{9664B9E6-0BAC-4911-B692-65321944E075}.Debug|x64.Build.0 = Debug|Any CPU
		{9664B9E6-0BAC-4911-B692-65321944E075}.Debug|x86.ActiveCfg = Debug|Any CPU
		{9664B9E6-0BAC-4911-B692-65321944E075}.Debug|x86.Build.0 = Debug|Any CPU
		{9664B9E6-0BAC-4911-B692-65321944E075}.Release|Any CPU.ActiveCfg = Release|Any CPU
		{9664B9E6-0BAC-4911-B692-65321944E075}.Release|Any CPU.Build.0 = Release|Any CPU
		{9664B9E6-0BAC-4911-B692-65321944E075}.Release|x64.ActiveCfg = Release|Any CPU
		{9664B9E6-0BAC-4911-B692-65321944E075}.Release|x64.Build.0 = Release|Any CPU
		{9664B9E6-0BAC-4911-B692-65321944E075}.Release|x86.ActiveCfg = Release|Any CPU
		{9664B9E6-0BAC-4911-B692-65321944E075}.Release|x86.Build.0 = Release|Any CPU
	EndGlobalSection
EndGlobal
